// !$*UTF8*$!
{
	archiveVersion = 1;
	classes = {
	};
	objectVersion = 48;
	objects = {

/* Begin PBXBuildFile section */
		F807954C2054543400558BC7 /* AppDelegate.swift in Sources */ = {isa = PBXBuildFile; fileRef = F807954B2054543400558BC7 /* AppDelegate.swift */; };
		F807954E2054543400558BC7 /* ViewController.swift in Sources */ = {isa = PBXBuildFile; fileRef = F807954D2054543400558BC7 /* ViewController.swift */; };
		F80795512054543400558BC7 /* Main.storyboard in Resources */ = {isa = PBXBuildFile; fileRef = F807954F2054543400558BC7 /* Main.storyboard */; };
		F80795542054543400558BC7 /* URBN_SECRETS.xcdatamodeld in Sources */ = {isa = PBXBuildFile; fileRef = F80795522054543400558BC7 /* URBN_SECRETS.xcdatamodeld */; };
		F80795562054543400558BC7 /* Assets.xcassets in Resources */ = {isa = PBXBuildFile; fileRef = F80795552054543400558BC7 /* Assets.xcassets */; };
		F80795592054543400558BC7 /* LaunchScreen.storyboard in Resources */ = {isa = PBXBuildFile; fileRef = F80795572054543400558BC7 /* LaunchScreen.storyboard */; };
		F80795662054549900558BC7 /* Interface.storyboard in Resources */ = {isa = PBXBuildFile; fileRef = F80795642054549900558BC7 /* Interface.storyboard */; };
		F80795682054549900558BC7 /* Assets.xcassets in Resources */ = {isa = PBXBuildFile; fileRef = F80795672054549900558BC7 /* Assets.xcassets */; };
		F807956F2054549900558BC7 /* URBN SECRETS WATCH Extension.appex in Embed App Extensions */ = {isa = PBXBuildFile; fileRef = F807956E2054549900558BC7 /* URBN SECRETS WATCH Extension.appex */; settings = {ATTRIBUTES = (RemoveHeadersOnCopy, ); }; };
		F80795742054549900558BC7 /* InterfaceController.swift in Sources */ = {isa = PBXBuildFile; fileRef = F80795732054549900558BC7 /* InterfaceController.swift */; };
		F80795762054549900558BC7 /* ExtensionDelegate.swift in Sources */ = {isa = PBXBuildFile; fileRef = F80795752054549900558BC7 /* ExtensionDelegate.swift */; };
		F80795782054549900558BC7 /* NotificationController.swift in Sources */ = {isa = PBXBuildFile; fileRef = F80795772054549900558BC7 /* NotificationController.swift */; };
		F807957A2054549900558BC7 /* ComplicationController.swift in Sources */ = {isa = PBXBuildFile; fileRef = F80795792054549900558BC7 /* ComplicationController.swift */; };
		F807957C2054549900558BC7 /* Assets.xcassets in Resources */ = {isa = PBXBuildFile; fileRef = F807957B2054549900558BC7 /* Assets.xcassets */; };
		F80795812054549900558BC7 /* URBN SECRETS WATCH.app in Embed Watch Content */ = {isa = PBXBuildFile; fileRef = F80795622054549900558BC7 /* URBN SECRETS WATCH.app */; };
		F807958B2054592600558BC7 /* EstimoteSDK.framework in Frameworks */ = {isa = PBXBuildFile; fileRef = F807958A2054592600558BC7 /* EstimoteSDK.framework */; };
		F807958E205558E400558BC7 /* WatchConnectivityManager.swift in Sources */ = {isa = PBXBuildFile; fileRef = F807958D205558E400558BC7 /* WatchConnectivityManager.swift */; };
		F807958F205558E500558BC7 /* WatchConnectivityManager.swift in Sources */ = {isa = PBXBuildFile; fileRef = F807958D205558E400558BC7 /* WatchConnectivityManager.swift */; };
		F80795A420559B5A00558BC7 /* pizzaImage.png in Resources */ = {isa = PBXBuildFile; fileRef = F80795A320559B5A00558BC7 /* pizzaImage.png */; };
/* End PBXBuildFile section */

/* Begin PBXContainerItemProxy section */
		F80795702054549900558BC7 /* PBXContainerItemProxy */ = {
			isa = PBXContainerItemProxy;
			containerPortal = F80795402054543400558BC7 /* Project object */;
			proxyType = 1;
			remoteGlobalIDString = F807956D2054549900558BC7;
			remoteInfo = "URBN SECRETS WATCH Extension";
		};
		F807957F2054549900558BC7 /* PBXContainerItemProxy */ = {
			isa = PBXContainerItemProxy;
			containerPortal = F80795402054543400558BC7 /* Project object */;
			proxyType = 1;
			remoteGlobalIDString = F80795612054549900558BC7;
			remoteInfo = "URBN SECRETS WATCH";
		};
/* End PBXContainerItemProxy section */

/* Begin PBXCopyFilesBuildPhase section */
		F80795852054549900558BC7 /* Embed App Extensions */ = {
			isa = PBXCopyFilesBuildPhase;
			buildActionMask = 2147483647;
			dstPath = "";
			dstSubfolderSpec = 13;
			files = (
				F807956F2054549900558BC7 /* URBN SECRETS WATCH Extension.appex in Embed App Extensions */,
			);
			name = "Embed App Extensions";
			runOnlyForDeploymentPostprocessing = 0;
		};
		F80795892054549900558BC7 /* Embed Watch Content */ = {
			isa = PBXCopyFilesBuildPhase;
			buildActionMask = 2147483647;
			dstPath = "$(CONTENTS_FOLDER_PATH)/Watch";
			dstSubfolderSpec = 16;
			files = (
				F80795812054549900558BC7 /* URBN SECRETS WATCH.app in Embed Watch Content */,
			);
			name = "Embed Watch Content";
			runOnlyForDeploymentPostprocessing = 0;
		};
/* End PBXCopyFilesBuildPhase section */

/* Begin PBXFileReference section */
		F80795482054543400558BC7 /* URBN SECRETS.app */ = {isa = PBXFileReference; explicitFileType = wrapper.application; includeInIndex = 0; path = "URBN SECRETS.app"; sourceTree = BUILT_PRODUCTS_DIR; };
		F807954B2054543400558BC7 /* AppDelegate.swift */ = {isa = PBXFileReference; lastKnownFileType = sourcecode.swift; path = AppDelegate.swift; sourceTree = "<group>"; };
		F807954D2054543400558BC7 /* ViewController.swift */ = {isa = PBXFileReference; lastKnownFileType = sourcecode.swift; path = ViewController.swift; sourceTree = "<group>"; wrapsLines = 1; };
		F80795502054543400558BC7 /* Base */ = {isa = PBXFileReference; lastKnownFileType = file.storyboard; name = Base; path = Base.lproj/Main.storyboard; sourceTree = "<group>"; };
		F80795532054543400558BC7 /* URBN_SECRETS.xcdatamodel */ = {isa = PBXFileReference; lastKnownFileType = wrapper.xcdatamodel; path = URBN_SECRETS.xcdatamodel; sourceTree = "<group>"; };
		F80795552054543400558BC7 /* Assets.xcassets */ = {isa = PBXFileReference; lastKnownFileType = folder.assetcatalog; path = Assets.xcassets; sourceTree = "<group>"; };
		F80795582054543400558BC7 /* Base */ = {isa = PBXFileReference; lastKnownFileType = file.storyboard; name = Base; path = Base.lproj/LaunchScreen.storyboard; sourceTree = "<group>"; };
		F807955A2054543400558BC7 /* Info.plist */ = {isa = PBXFileReference; lastKnownFileType = text.plist.xml; path = Info.plist; sourceTree = "<group>"; };
		F80795622054549900558BC7 /* URBN SECRETS WATCH.app */ = {isa = PBXFileReference; explicitFileType = wrapper.application; includeInIndex = 0; path = "URBN SECRETS WATCH.app"; sourceTree = BUILT_PRODUCTS_DIR; };
		F80795652054549900558BC7 /* Base */ = {isa = PBXFileReference; lastKnownFileType = file.storyboard; name = Base; path = Base.lproj/Interface.storyboard; sourceTree = "<group>"; };
		F80795672054549900558BC7 /* Assets.xcassets */ = {isa = PBXFileReference; lastKnownFileType = folder.assetcatalog; path = Assets.xcassets; sourceTree = "<group>"; };
		F80795692054549900558BC7 /* Info.plist */ = {isa = PBXFileReference; lastKnownFileType = text.plist.xml; path = Info.plist; sourceTree = "<group>"; };
		F807956E2054549900558BC7 /* URBN SECRETS WATCH Extension.appex */ = {isa = PBXFileReference; explicitFileType = "wrapper.app-extension"; includeInIndex = 0; path = "URBN SECRETS WATCH Extension.appex"; sourceTree = BUILT_PRODUCTS_DIR; };
		F80795732054549900558BC7 /* InterfaceController.swift */ = {isa = PBXFileReference; lastKnownFileType = sourcecode.swift; path = InterfaceController.swift; sourceTree = "<group>"; };
		F80795752054549900558BC7 /* ExtensionDelegate.swift */ = {isa = PBXFileReference; lastKnownFileType = sourcecode.swift; path = ExtensionDelegate.swift; sourceTree = "<group>"; };
		F80795772054549900558BC7 /* NotificationController.swift */ = {isa = PBXFileReference; lastKnownFileType = sourcecode.swift; path = NotificationController.swift; sourceTree = "<group>"; };
		F80795792054549900558BC7 /* ComplicationController.swift */ = {isa = PBXFileReference; lastKnownFileType = sourcecode.swift; path = ComplicationController.swift; sourceTree = "<group>"; };
		F807957B2054549900558BC7 /* Assets.xcassets */ = {isa = PBXFileReference; lastKnownFileType = folder.assetcatalog; path = Assets.xcassets; sourceTree = "<group>"; };
		F807957D2054549900558BC7 /* Info.plist */ = {isa = PBXFileReference; lastKnownFileType = text.plist.xml; path = Info.plist; sourceTree = "<group>"; };
		F807957E2054549900558BC7 /* PushNotificationPayload.apns */ = {isa = PBXFileReference; lastKnownFileType = text; path = PushNotificationPayload.apns; sourceTree = "<group>"; };
		F807958A2054592600558BC7 /* EstimoteSDK.framework */ = {isa = PBXFileReference; lastKnownFileType = wrapper.framework; path = EstimoteSDK.framework; sourceTree = "<group>"; };
		F807958C20545A1900558BC7 /* ObjCBridge.h */ = {isa = PBXFileReference; lastKnownFileType = sourcecode.c.h; path = ObjCBridge.h; sourceTree = "<group>"; };
		F807958D205558E400558BC7 /* WatchConnectivityManager.swift */ = {isa = PBXFileReference; lastKnownFileType = sourcecode.swift; path = WatchConnectivityManager.swift; sourceTree = "<group>"; };
		F80795A320559B5A00558BC7 /* pizzaImage.png */ = {isa = PBXFileReference; lastKnownFileType = image.png; path = pizzaImage.png; sourceTree = "<group>"; };
/* End PBXFileReference section */

/* Begin PBXFrameworksBuildPhase section */
		F80795452054543400558BC7 /* Frameworks */ = {
			isa = PBXFrameworksBuildPhase;
			buildActionMask = 2147483647;
			files = (
				F807958B2054592600558BC7 /* EstimoteSDK.framework in Frameworks */,
			);
			runOnlyForDeploymentPostprocessing = 0;
		};
		F807956B2054549900558BC7 /* Frameworks */ = {
			isa = PBXFrameworksBuildPhase;
			buildActionMask = 2147483647;
			files = (
			);
			runOnlyForDeploymentPostprocessing = 0;
		};
/* End PBXFrameworksBuildPhase section */

/* Begin PBXGroup section */
		F807953F2054543400558BC7 = {
			isa = PBXGroup;
			children = (
				F807954A2054543400558BC7 /* URBN SECRETS */,
				F80795632054549900558BC7 /* URBN SECRETS WATCH */,
				F80795722054549900558BC7 /* URBN SECRETS WATCH Extension */,
				F80795492054543400558BC7 /* Products */,
				F807958A2054592600558BC7 /* EstimoteSDK.framework */,
			);
			sourceTree = "<group>";
		};
		F80795492054543400558BC7 /* Products */ = {
			isa = PBXGroup;
			children = (
				F80795482054543400558BC7 /* URBN SECRETS.app */,
				F80795622054549900558BC7 /* URBN SECRETS WATCH.app */,
				F807956E2054549900558BC7 /* URBN SECRETS WATCH Extension.appex */,
			);
			name = Products;
			sourceTree = "<group>";
		};
		F807954A2054543400558BC7 /* URBN SECRETS */ = {
			isa = PBXGroup;
			children = (
				F80795A320559B5A00558BC7 /* pizzaImage.png */,
				F807954B2054543400558BC7 /* AppDelegate.swift */,
				F807954D2054543400558BC7 /* ViewController.swift */,
				F807954F2054543400558BC7 /* Main.storyboard */,
				F80795552054543400558BC7 /* Assets.xcassets */,
				F80795572054543400558BC7 /* LaunchScreen.storyboard */,
				F807955A2054543400558BC7 /* Info.plist */,
				F80795522054543400558BC7 /* URBN_SECRETS.xcdatamodeld */,
				F807958D205558E400558BC7 /* WatchConnectivityManager.swift */,
				F807958C20545A1900558BC7 /* ObjCBridge.h */,
			);
			path = "URBN SECRETS";
			sourceTree = "<group>";
		};
		F80795632054549900558BC7 /* URBN SECRETS WATCH */ = {
			isa = PBXGroup;
			children = (
				F80795642054549900558BC7 /* Interface.storyboard */,
				F80795672054549900558BC7 /* Assets.xcassets */,
				F80795692054549900558BC7 /* Info.plist */,
			);
			path = "URBN SECRETS WATCH";
			sourceTree = "<group>";
		};
		F80795722054549900558BC7 /* URBN SECRETS WATCH Extension */ = {
			isa = PBXGroup;
			children = (
				F80795732054549900558BC7 /* InterfaceController.swift */,
				F80795752054549900558BC7 /* ExtensionDelegate.swift */,
				F80795772054549900558BC7 /* NotificationController.swift */,
				F80795792054549900558BC7 /* ComplicationController.swift */,
				F807957B2054549900558BC7 /* Assets.xcassets */,
				F807957D2054549900558BC7 /* Info.plist */,
				F807957E2054549900558BC7 /* PushNotificationPayload.apns */,
			);
			path = "URBN SECRETS WATCH Extension";
			sourceTree = "<group>";
		};
/* End PBXGroup section */

/* Begin PBXNativeTarget section */
		F80795472054543400558BC7 /* URBN SECRETS */ = {
			isa = PBXNativeTarget;
			buildConfigurationList = F807955D2054543400558BC7 /* Build configuration list for PBXNativeTarget "URBN SECRETS" */;
			buildPhases = (
				F80795442054543400558BC7 /* Sources */,
				F80795452054543400558BC7 /* Frameworks */,
				F80795462054543400558BC7 /* Resources */,
				F80795892054549900558BC7 /* Embed Watch Content */,
			);
			buildRules = (
			);
			dependencies = (
				F80795802054549900558BC7 /* PBXTargetDependency */,
			);
			name = "URBN SECRETS";
			productName = "URBN SECRETS";
			productReference = F80795482054543400558BC7 /* URBN SECRETS.app */;
			productType = "com.apple.product-type.application";
		};
		F80795612054549900558BC7 /* URBN SECRETS WATCH */ = {
			isa = PBXNativeTarget;
			buildConfigurationList = F80795862054549900558BC7 /* Build configuration list for PBXNativeTarget "URBN SECRETS WATCH" */;
			buildPhases = (
				F80795602054549900558BC7 /* Resources */,
				F80795852054549900558BC7 /* Embed App Extensions */,
			);
			buildRules = (
			);
			dependencies = (
				F80795712054549900558BC7 /* PBXTargetDependency */,
			);
			name = "URBN SECRETS WATCH";
			productName = "URBN SECRETS WATCH";
			productReference = F80795622054549900558BC7 /* URBN SECRETS WATCH.app */;
			productType = "com.apple.product-type.application.watchapp2";
		};
		F807956D2054549900558BC7 /* URBN SECRETS WATCH Extension */ = {
			isa = PBXNativeTarget;
			buildConfigurationList = F80795822054549900558BC7 /* Build configuration list for PBXNativeTarget "URBN SECRETS WATCH Extension" */;
			buildPhases = (
				F807956A2054549900558BC7 /* Sources */,
				F807956B2054549900558BC7 /* Frameworks */,
				F807956C2054549900558BC7 /* Resources */,
			);
			buildRules = (
			);
			dependencies = (
			);
			name = "URBN SECRETS WATCH Extension";
			productName = "URBN SECRETS WATCH Extension";
			productReference = F807956E2054549900558BC7 /* URBN SECRETS WATCH Extension.appex */;
			productType = "com.apple.product-type.watchkit2-extension";
		};
/* End PBXNativeTarget section */

/* Begin PBXProject section */
		F80795402054543400558BC7 /* Project object */ = {
			isa = PBXProject;
			attributes = {
				LastSwiftUpdateCheck = 0920;
				LastUpgradeCheck = 0920;
				ORGANIZATIONNAME = "Erin Wiegman";
				TargetAttributes = {
					F80795472054543400558BC7 = {
						CreatedOnToolsVersion = 9.2;
						ProvisioningStyle = Automatic;
						SystemCapabilities = {
							com.apple.ApplicationGroups.iOS = {
								enabled = 0;
							};
							com.apple.BackgroundModes = {
								enabled = 1;
							};
						};
					};
					F80795612054549900558BC7 = {
						CreatedOnToolsVersion = 9.2;
						ProvisioningStyle = Automatic;
						SystemCapabilities = {
							com.apple.ApplicationGroups.iOS = {
								enabled = 0;
							};
						};
					};
					F807956D2054549900558BC7 = {
						CreatedOnToolsVersion = 9.2;
						ProvisioningStyle = Automatic;
						SystemCapabilities = {
							com.apple.ApplicationGroups.iOS = {
								enabled = 0;
							};
						};
					};
				};
			};
			buildConfigurationList = F80795432054543400558BC7 /* Build configuration list for PBXProject "URBN SECRETS" */;
			compatibilityVersion = "Xcode 8.0";
			developmentRegion = en;
			hasScannedForEncodings = 0;
			knownRegions = (
				en,
				Base,
			);
			mainGroup = F807953F2054543400558BC7;
			productRefGroup = F80795492054543400558BC7 /* Products */;
			projectDirPath = "";
			projectRoot = "";
			targets = (
				F80795472054543400558BC7 /* URBN SECRETS */,
				F80795612054549900558BC7 /* URBN SECRETS WATCH */,
				F807956D2054549900558BC7 /* URBN SECRETS WATCH Extension */,
			);
		};
/* End PBXProject section */

/* Begin PBXResourcesBuildPhase section */
		F80795462054543400558BC7 /* Resources */ = {
			isa = PBXResourcesBuildPhase;
			buildActionMask = 2147483647;
			files = (
				F80795A420559B5A00558BC7 /* pizzaImage.png in Resources */,
				F80795592054543400558BC7 /* LaunchScreen.storyboard in Resources */,
				F80795562054543400558BC7 /* Assets.xcassets in Resources */,
				F80795512054543400558BC7 /* Main.storyboard in Resources */,
			);
			runOnlyForDeploymentPostprocessing = 0;
		};
		F80795602054549900558BC7 /* Resources */ = {
			isa = PBXResourcesBuildPhase;
			buildActionMask = 2147483647;
			files = (
				F80795682054549900558BC7 /* Assets.xcassets in Resources */,
				F80795662054549900558BC7 /* Interface.storyboard in Resources */,
			);
			runOnlyForDeploymentPostprocessing = 0;
		};
		F807956C2054549900558BC7 /* Resources */ = {
			isa = PBXResourcesBuildPhase;
			buildActionMask = 2147483647;
			files = (
				F807957C2054549900558BC7 /* Assets.xcassets in Resources */,
			);
			runOnlyForDeploymentPostprocessing = 0;
		};
/* End PBXResourcesBuildPhase section */

/* Begin PBXSourcesBuildPhase section */
		F80795442054543400558BC7 /* Sources */ = {
			isa = PBXSourcesBuildPhase;
			buildActionMask = 2147483647;
			files = (
				F807954E2054543400558BC7 /* ViewController.swift in Sources */,
				F807958E205558E400558BC7 /* WatchConnectivityManager.swift in Sources */,
				F807954C2054543400558BC7 /* AppDelegate.swift in Sources */,
				F80795542054543400558BC7 /* URBN_SECRETS.xcdatamodeld in Sources */,
			);
			runOnlyForDeploymentPostprocessing = 0;
		};
		F807956A2054549900558BC7 /* Sources */ = {
			isa = PBXSourcesBuildPhase;
			buildActionMask = 2147483647;
			files = (
				F80795782054549900558BC7 /* NotificationController.swift in Sources */,
				F807957A2054549900558BC7 /* ComplicationController.swift in Sources */,
				F807958F205558E500558BC7 /* WatchConnectivityManager.swift in Sources */,
				F80795762054549900558BC7 /* ExtensionDelegate.swift in Sources */,
				F80795742054549900558BC7 /* InterfaceController.swift in Sources */,
			);
			runOnlyForDeploymentPostprocessing = 0;
		};
/* End PBXSourcesBuildPhase section */

/* Begin PBXTargetDependency section */
		F80795712054549900558BC7 /* PBXTargetDependency */ = {
			isa = PBXTargetDependency;
			target = F807956D2054549900558BC7 /* URBN SECRETS WATCH Extension */;
			targetProxy = F80795702054549900558BC7 /* PBXContainerItemProxy */;
		};
		F80795802054549900558BC7 /* PBXTargetDependency */ = {
			isa = PBXTargetDependency;
			target = F80795612054549900558BC7 /* URBN SECRETS WATCH */;
			targetProxy = F807957F2054549900558BC7 /* PBXContainerItemProxy */;
		};
/* End PBXTargetDependency section */

/* Begin PBXVariantGroup section */
		F807954F2054543400558BC7 /* Main.storyboard */ = {
			isa = PBXVariantGroup;
			children = (
				F80795502054543400558BC7 /* Base */,
			);
			name = Main.storyboard;
			sourceTree = "<group>";
		};
		F80795572054543400558BC7 /* LaunchScreen.storyboard */ = {
			isa = PBXVariantGroup;
			children = (
				F80795582054543400558BC7 /* Base */,
			);
			name = LaunchScreen.storyboard;
			sourceTree = "<group>";
		};
		F80795642054549900558BC7 /* Interface.storyboard */ = {
			isa = PBXVariantGroup;
			children = (
				F80795652054549900558BC7 /* Base */,
			);
			name = Interface.storyboard;
			sourceTree = "<group>";
		};
/* End PBXVariantGroup section */

/* Begin XCBuildConfiguration section */
		F807955B2054543400558BC7 /* Debug */ = {
			isa = XCBuildConfiguration;
			buildSettings = {
				ALWAYS_SEARCH_USER_PATHS = NO;
				CLANG_ANALYZER_NONNULL = YES;
				CLANG_ANALYZER_NUMBER_OBJECT_CONVERSION = YES_AGGRESSIVE;
				CLANG_CXX_LANGUAGE_STANDARD = "gnu++14";
				CLANG_CXX_LIBRARY = "libc++";
				CLANG_ENABLE_MODULES = YES;
				CLANG_ENABLE_OBJC_ARC = YES;
				CLANG_WARN_BLOCK_CAPTURE_AUTORELEASING = YES;
				CLANG_WARN_BOOL_CONVERSION = YES;
				CLANG_WARN_COMMA = YES;
				CLANG_WARN_CONSTANT_CONVERSION = YES;
				CLANG_WARN_DIRECT_OBJC_ISA_USAGE = YES_ERROR;
				CLANG_WARN_DOCUMENTATION_COMMENTS = YES;
				CLANG_WARN_EMPTY_BODY = YES;
				CLANG_WARN_ENUM_CONVERSION = YES;
				CLANG_WARN_INFINITE_RECURSION = YES;
				CLANG_WARN_INT_CONVERSION = YES;
				CLANG_WARN_NON_LITERAL_NULL_CONVERSION = YES;
				CLANG_WARN_OBJC_LITERAL_CONVERSION = YES;
				CLANG_WARN_OBJC_ROOT_CLASS = YES_ERROR;
				CLANG_WARN_RANGE_LOOP_ANALYSIS = YES;
				CLANG_WARN_STRICT_PROTOTYPES = YES;
				CLANG_WARN_SUSPICIOUS_MOVE = YES;
				CLANG_WARN_UNGUARDED_AVAILABILITY = YES_AGGRESSIVE;
				CLANG_WARN_UNREACHABLE_CODE = YES;
				CLANG_WARN__DUPLICATE_METHOD_MATCH = YES;
				CODE_SIGN_IDENTITY = "iPhone Developer";
				COPY_PHASE_STRIP = NO;
				DEBUG_INFORMATION_FORMAT = dwarf;
				ENABLE_STRICT_OBJC_MSGSEND = YES;
				ENABLE_TESTABILITY = YES;
				GCC_C_LANGUAGE_STANDARD = gnu11;
				GCC_DYNAMIC_NO_PIC = NO;
				GCC_NO_COMMON_BLOCKS = YES;
				GCC_OPTIMIZATION_LEVEL = 0;
				GCC_PREPROCESSOR_DEFINITIONS = (
					"DEBUG=1",
					"$(inherited)",
				);
				GCC_WARN_64_TO_32_BIT_CONVERSION = YES;
				GCC_WARN_ABOUT_RETURN_TYPE = YES_ERROR;
				GCC_WARN_UNDECLARED_SELECTOR = YES;
				GCC_WARN_UNINITIALIZED_AUTOS = YES_AGGRESSIVE;
				GCC_WARN_UNUSED_FUNCTION = YES;
				GCC_WARN_UNUSED_VARIABLE = YES;
				IPHONEOS_DEPLOYMENT_TARGET = 11.2;
				MTL_ENABLE_DEBUG_INFO = YES;
				ONLY_ACTIVE_ARCH = YES;
				SDKROOT = iphoneos;
				SWIFT_ACTIVE_COMPILATION_CONDITIONS = DEBUG;
				SWIFT_OPTIMIZATION_LEVEL = "-Onone";
			};
			name = Debug;
		};
		F807955C2054543400558BC7 /* Release */ = {
			isa = XCBuildConfiguration;
			buildSettings = {
				ALWAYS_SEARCH_USER_PATHS = NO;
				CLANG_ANALYZER_NONNULL = YES;
				CLANG_ANALYZER_NUMBER_OBJECT_CONVERSION = YES_AGGRESSIVE;
				CLANG_CXX_LANGUAGE_STANDARD = "gnu++14";
				CLANG_CXX_LIBRARY = "libc++";
				CLANG_ENABLE_MODULES = YES;
				CLANG_ENABLE_OBJC_ARC = YES;
				CLANG_WARN_BLOCK_CAPTURE_AUTORELEASING = YES;
				CLANG_WARN_BOOL_CONVERSION = YES;
				CLANG_WARN_COMMA = YES;
				CLANG_WARN_CONSTANT_CONVERSION = YES;
				CLANG_WARN_DIRECT_OBJC_ISA_USAGE = YES_ERROR;
				CLANG_WARN_DOCUMENTATION_COMMENTS = YES;
				CLANG_WARN_EMPTY_BODY = YES;
				CLANG_WARN_ENUM_CONVERSION = YES;
				CLANG_WARN_INFINITE_RECURSION = YES;
				CLANG_WARN_INT_CONVERSION = YES;
				CLANG_WARN_NON_LITERAL_NULL_CONVERSION = YES;
				CLANG_WARN_OBJC_LITERAL_CONVERSION = YES;
				CLANG_WARN_OBJC_ROOT_CLASS = YES_ERROR;
				CLANG_WARN_RANGE_LOOP_ANALYSIS = YES;
				CLANG_WARN_STRICT_PROTOTYPES = YES;
				CLANG_WARN_SUSPICIOUS_MOVE = YES;
				CLANG_WARN_UNGUARDED_AVAILABILITY = YES_AGGRESSIVE;
				CLANG_WARN_UNREACHABLE_CODE = YES;
				CLANG_WARN__DUPLICATE_METHOD_MATCH = YES;
				CODE_SIGN_IDENTITY = "iPhone Developer";
				COPY_PHASE_STRIP = NO;
				DEBUG_INFORMATION_FORMAT = "dwarf-with-dsym";
				ENABLE_NS_ASSERTIONS = NO;
				ENABLE_STRICT_OBJC_MSGSEND = YES;
				GCC_C_LANGUAGE_STANDARD = gnu11;
				GCC_NO_COMMON_BLOCKS = YES;
				GCC_WARN_64_TO_32_BIT_CONVERSION = YES;
				GCC_WARN_ABOUT_RETURN_TYPE = YES_ERROR;
				GCC_WARN_UNDECLARED_SELECTOR = YES;
				GCC_WARN_UNINITIALIZED_AUTOS = YES_AGGRESSIVE;
				GCC_WARN_UNUSED_FUNCTION = YES;
				GCC_WARN_UNUSED_VARIABLE = YES;
				IPHONEOS_DEPLOYMENT_TARGET = 11.2;
				MTL_ENABLE_DEBUG_INFO = NO;
				SDKROOT = iphoneos;
				SWIFT_OPTIMIZATION_LEVEL = "-Owholemodule";
				VALIDATE_PRODUCT = YES;
			};
			name = Release;
		};
		F807955E2054543400558BC7 /* Debug */ = {
			isa = XCBuildConfiguration;
			buildSettings = {
				ASSETCATALOG_COMPILER_APPICON_NAME = AppIcon;
				CODE_SIGN_STYLE = Automatic;
				DEVELOPMENT_TEAM = 5F52T85UMC;
				FRAMEWORK_SEARCH_PATHS = (
					"$(inherited)",
					"$(PROJECT_DIR)",
				);
				INFOPLIST_FILE = "URBN SECRETS/Info.plist";
				LD_RUNPATH_SEARCH_PATHS = "$(inherited) @executable_path/Frameworks";
				PRODUCT_BUNDLE_IDENTIFIER = "com.byerinmichelle.URBN-SECRETS";
				PRODUCT_NAME = "$(TARGET_NAME)";
				SWIFT_OBJC_BRIDGING_HEADER = "${PROJECT_NAME}/ObjCBridge.h";
				SWIFT_VERSION = 4.0;
				TARGETED_DEVICE_FAMILY = "1,2";
			};
			name = Debug;
		};
		F807955F2054543400558BC7 /* Release */ = {
			isa = XCBuildConfiguration;
			buildSettings = {
				ASSETCATALOG_COMPILER_APPICON_NAME = AppIcon;
				CODE_SIGN_STYLE = Automatic;
				DEVELOPMENT_TEAM = 5F52T85UMC;
				FRAMEWORK_SEARCH_PATHS = (
					"$(inherited)",
					"$(PROJECT_DIR)",
				);
				INFOPLIST_FILE = "URBN SECRETS/Info.plist";
				LD_RUNPATH_SEARCH_PATHS = "$(inherited) @executable_path/Frameworks";
				PRODUCT_BUNDLE_IDENTIFIER = "com.byerinmichelle.URBN-SECRETS";
				PRODUCT_NAME = "$(TARGET_NAME)";
				SWIFT_OBJC_BRIDGING_HEADER = "${PROJECT_NAME}/ObjCBridge.h";
				SWIFT_VERSION = 4.0;
				TARGETED_DEVICE_FAMILY = "1,2";
			};
			name = Release;
		};
		F80795832054549900558BC7 /* Debug */ = {
			isa = XCBuildConfiguration;
			buildSettings = {
				ASSETCATALOG_COMPILER_COMPLICATION_NAME = Complication;
				CODE_SIGN_STYLE = Automatic;
				DEVELOPMENT_TEAM = 5F52T85UMC;
				INFOPLIST_FILE = "URBN SECRETS WATCH Extension/Info.plist";
				LD_RUNPATH_SEARCH_PATHS = "$(inherited) @executable_path/Frameworks @executable_path/../../Frameworks";
				PRODUCT_BUNDLE_IDENTIFIER = "com.byerinmichelle.URBN-SECRETS.watchkitapp.watchkitextension";
				PRODUCT_NAME = "${TARGET_NAME}";
				SDKROOT = watchos;
				SKIP_INSTALL = YES;
				SWIFT_VERSION = 4.0;
				TARGETED_DEVICE_FAMILY = 4;
				WATCHOS_DEPLOYMENT_TARGET = 4.1;
			};
			name = Debug;
		};
		F80795842054549900558BC7 /* Release */ = {
			isa = XCBuildConfiguration;
			buildSettings = {
				ASSETCATALOG_COMPILER_COMPLICATION_NAME = Complication;
				CODE_SIGN_STYLE = Automatic;
				DEVELOPMENT_TEAM = 5F52T85UMC;
				INFOPLIST_FILE = "URBN SECRETS WATCH Extension/Info.plist";
				LD_RUNPATH_SEARCH_PATHS = "$(inherited) @executable_path/Frameworks @executable_path/../../Frameworks";
				PRODUCT_BUNDLE_IDENTIFIER = "com.byerinmichelle.URBN-SECRETS.watchkitapp.watchkitextension";
				PRODUCT_NAME = "${TARGET_NAME}";
				SDKROOT = watchos;
				SKIP_INSTALL = YES;
				SWIFT_VERSION = 4.0;
				TARGETED_DEVICE_FAMILY = 4;
				WATCHOS_DEPLOYMENT_TARGET = 4.1;
			};
			name = Release;
		};
		F80795872054549900558BC7 /* Debug */ = {
			isa = XCBuildConfiguration;
			buildSettings = {
				ALWAYS_EMBED_SWIFT_STANDARD_LIBRARIES = YES;
				ASSETCATALOG_COMPILER_APPICON_NAME = AppIcon;
				CODE_SIGN_STYLE = Automatic;
				DEVELOPMENT_TEAM = 5F52T85UMC;
				IBSC_MODULE = URBN_SECRETS_WATCH_Extension;
				INFOPLIST_FILE = "URBN SECRETS WATCH/Info.plist";
				PRODUCT_BUNDLE_IDENTIFIER = "com.byerinmichelle.URBN-SECRETS.watchkitapp";
				PRODUCT_NAME = "$(TARGET_NAME)";
				SDKROOT = watchos;
				SKIP_INSTALL = YES;
				SWIFT_VERSION = 4.0;
				TARGETED_DEVICE_FAMILY = 4;
				WATCHOS_DEPLOYMENT_TARGET = 4.1;
			};
			name = Debug;
		};
		F80795882054549900558BC7 /* Release */ = {
			isa = XCBuildConfiguration;
			buildSettings = {
				ALWAYS_EMBED_SWIFT_STANDARD_LIBRARIES = YES;
				ASSETCATALOG_COMPILER_APPICON_NAME = AppIcon;
				CODE_SIGN_STYLE = Automatic;
				DEVELOPMENT_TEAM = 5F52T85UMC;
				IBSC_MODULE = URBN_SECRETS_WATCH_Extension;
				INFOPLIST_FILE = "URBN SECRETS WATCH/Info.plist";
				PRODUCT_BUNDLE_IDENTIFIER = "com.byerinmichelle.URBN-SECRETS.watchkitapp";
				PRODUCT_NAME = "$(TARGET_NAME)";
				SDKROOT = watchos;
				SKIP_INSTALL = YES;
				SWIFT_VERSION = 4.0;
				TARGETED_DEVICE_FAMILY = 4;
				WATCHOS_DEPLOYMENT_TARGET = 4.1;
			};
			name = Release;
		};
/* End XCBuildConfiguration section */

/* Begin XCConfigurationList section */
		F80795432054543400558BC7 /* Build configuration list for PBXProject "URBN SECRETS" */ = {
			isa = XCConfigurationList;
			buildConfigurations = (
				F807955B2054543400558BC7 /* Debug */,
				F807955C2054543400558BC7 /* Release */,
			);
			defaultConfigurationIsVisible = 0;
			defaultConfigurationName = Release;
		};
		F807955D2054543400558BC7 /* Build configuration list for PBXNativeTarget "URBN SECRETS" */ = {
			isa = XCConfigurationList;
			buildConfigurations = (
				F807955E2054543400558BC7 /* Debug */,
				F807955F2054543400558BC7 /* Release */,
			);
			defaultConfigurationIsVisible = 0;
			defaultConfigurationName = Release;
		};
		F80795822054549900558BC7 /* Build configuration list for PBXNativeTarget "URBN SECRETS WATCH Extension" */ = {
			isa = XCConfigurationList;
			buildConfigurations = (
				F80795832054549900558BC7 /* Debug */,
				F80795842054549900558BC7 /* Release */,
			);
			defaultConfigurationIsVisible = 0;
			defaultConfigurationName = Release;
		};
		F80795862054549900558BC7 /* Build configuration list for PBXNativeTarget "URBN SECRETS WATCH" */ = {
			isa = XCConfigurationList;
			buildConfigurations = (
				F80795872054549900558BC7 /* Debug */,
				F80795882054549900558BC7 /* Release */,
			);
			defaultConfigurationIsVisible = 0;
			defaultConfigurationName = Release;
		};
/* End XCConfigurationList section */

/* Begin XCVersionGroup section */
		F80795522054543400558BC7 /* URBN_SECRETS.xcdatamodeld */ = {
			isa = XCVersionGroup;
			children = (
				F80795532054543400558BC7 /* URBN_SECRETS.xcdatamodel */,
			);
			currentVersion = F80795532054543400558BC7 /* URBN_SECRETS.xcdatamodel */;
			path = URBN_SECRETS.xcdatamodeld;
			sourceTree = "<group>";
			versionGroupType = wrapper.xcdatamodel;
		};
/* End XCVersionGroup section */
	};
	rootObject = F80795402054543400558BC7 /* Project object */;
}
