// !$*UTF8*$!
{
	archiveVersion = 1;
	classes = {
	};
	objectVersion = 48;
	objects = {

/* Begin PBXBuildFile section */
		F807954C2054543400558BC7 /* AppDelegate.swift in Sources */ = {isa = PBXBuildFile; fileRef = F807954B2054543400558BC7 /* AppDelegate.swift */; };
		F807954E2054543400558BC7 /* ViewController.swift in Sources */ = {isa = PBXBuildFile; fileRef = F807954D2054543400558BC7 /* ViewController.swift */; };
		F80795512054543400558BC7 /* Main.storyboard in Resources */ = {isa = PBXBuildFile; fileRef = F807954F2054543400558BC7 /* Main.storyboard */; };
		F80795542054543400558BC7 /* URBN_SECRETS.xcdatamodeld in Sources */ = {isa = PBXBuildFile; fileRef = F80795522054543400558BC7 /* URBN_SECRETS.xcdatamodeld */; };
		F80795562054543400558BC7 /* Assets.xcassets in Resources */ = {isa = PBXBuildFile; fileRef = F80795552054543400558BC7 /* Assets.xcassets */; };
		F80795592054543400558BC7 /* LaunchScreen.storyboard in Resources */ = {isa = PBXBuildFile; fileRef = F80795572054543400558BC7 /* LaunchScreen.storyboard */; };
/* End PBXBuildFile section */

/* Begin PBXFileReference section */
		F80795482054543400558BC7 /* URBN SECRETS.app */ = {isa = PBXFileReference; explicitFileType = wrapper.application; includeInIndex = 0; path = "URBN SECRETS.app"; sourceTree = BUILT_PRODUCTS_DIR; };
		F807954B2054543400558BC7 /* AppDelegate.swift */ = {isa = PBXFileReference; lastKnownFileType = sourcecode.swift; path = AppDelegate.swift; sourceTree = "<group>"; };
		F807954D2054543400558BC7 /* ViewController.swift */ = {isa = PBXFileReference; lastKnownFileType = sourcecode.swift; path = ViewController.swift; sourceTree = "<group>"; };
		F80795502054543400558BC7 /* Base */ = {isa = PBXFileReference; lastKnownFileType = file.storyboard; name = Base; path = Base.lproj/Main.storyboard; sourceTree = "<group>"; };
		F80795532054543400558BC7 /* URBN_SECRETS.xcdatamodel */ = {isa = PBXFileReference; lastKnownFileType = wrapper.xcdatamodel; path = URBN_SECRETS.xcdatamodel; sourceTree = "<group>"; };
		F80795552054543400558BC7 /* Assets.xcassets */ = {isa = PBXFileReference; lastKnownFileType = folder.assetcatalog; path = Assets.xcassets; sourceTree = "<group>"; };
		F80795582054543400558BC7 /* Base */ = {isa = PBXFileReference; lastKnownFileType = file.storyboard; name = Base; path = Base.lproj/LaunchScreen.storyboard; sourceTree = "<group>"; };
		F807955A2054543400558BC7 /* Info.plist */ = {isa = PBXFileReference; lastKnownFileType = text.plist.xml; path = Info.plist; sourceTree = "<group>"; };
/* End PBXFileReference section */

/* Begin PBXFrameworksBuildPhase section */
		F80795452054543400558BC7 /* Frameworks */ = {
			isa = PBXFrameworksBuildPhase;
			buildActionMask = 2147483647;
			files = (
			);
			runOnlyForDeploymentPostprocessing = 0;
		};
/* End PBXFrameworksBuildPhase section */

/* Begin PBXGroup section */
		F807953F2054543400558BC7 = {
			isa = PBXGroup;
			children = (
				F807954A2054543400558BC7 /* URBN SECRETS */,
				F80795492054543400558BC7 /* Products */,
			);
			sourceTree = "<group>";
		};
		F80795492054543400558BC7 /* Products */ = {
			isa = PBXGroup;
			children = (
				F80795482054543400558BC7 /* URBN SECRETS.app */,
			);
			name = Products;
			sourceTree = "<group>";
		};
		F807954A2054543400558BC7 /* URBN SECRETS */ = {
			isa = PBXGroup;
			children = (
				F807954B2054543400558BC7 /* AppDelegate.swift */,
				F807954D2054543400558BC7 /* ViewController.swift */,
				F807954F2054543400558BC7 /* Main.storyboard */,
				F80795552054543400558BC7 /* Assets.xcassets */,
				F80795572054543400558BC7 /* LaunchScreen.storyboard */,
				F807955A2054543400558BC7 /* Info.plist */,
				F80795522054543400558BC7 /* URBN_SECRETS.xcdatamodeld */,
			);
			path = "URBN SECRETS";
			sourceTree = "<group>";
		};
/* End PBXGroup section */

/* Begin PBXNativeTarget section */
		F80795472054543400558BC7 /* URBN SECRETS */ = {
			isa = PBXNativeTarget;
			buildConfigurationList = F807955D2054543400558BC7 /* Build configuration list for PBXNativeTarget "URBN SECRETS" */;
			buildPhases = (
				F80795442054543400558BC7 /* Sources */,
				F80795452054543400558BC7 /* Frameworks */,
				F80795462054543400558BC7 /* Resources */,
			);
			buildRules = (
			);
			dependencies = (
			);
			name = "URBN SECRETS";
			productName = "URBN SECRETS";
			productReference = F80795482054543400558BC7 /* URBN SECRETS.app */;
			productType = "com.apple.product-type.application";
		};
/* End PBXNativeTarget section */

/* Begin PBXProject section */
		F80795402054543400558BC7 /* Project object */ = {
			isa = PBXProject;
			attributes = {
				LastSwiftUpdateCheck = 0920;
				LastUpgradeCheck = 0920;
				ORGANIZATIONNAME = "Erin Wiegman";
				TargetAttributes = {
					F80795472054543400558BC7 = {
						CreatedOnToolsVersion = 9.2;
						ProvisioningStyle = Automatic;
					};
				};
			};
			buildConfigurationList = F80795432054543400558BC7 /* Build configuration list for PBXProject "URBN SECRETS" */;
			compatibilityVersion = "Xcode 8.0";
			developmentRegion = en;
			hasScannedForEncodings = 0;
			knownRegions = (
				en,
				Base,
			);
			mainGroup = F807953F2054543400558BC7;
			productRefGroup = F80795492054543400558BC7 /* Products */;
			projectDirPath = "";
			projectRoot = "";
			targets = (
				F80795472054543400558BC7 /* URBN SECRETS */,
			);
		};
/* End PBXProject section */

/* Begin PBXResourcesBuildPhase section */
		F80795462054543400558BC7 /* Resources */ = {
			isa = PBXResourcesBuildPhase;
			buildActionMask = 2147483647;
			files = (
				F80795592054543400558BC7 /* LaunchScreen.storyboard in Resources */,
				F80795562054543400558BC7 /* Assets.xcassets in Resources */,
				F80795512054543400558BC7 /* Main.storyboard in Resources */,
			);
			runOnlyForDeploymentPostprocessing = 0;
		};
/* End PBXResourcesBuildPhase section */

/* Begin PBXSourcesBuildPhase section */
		F80795442054543400558BC7 /* Sources */ = {
			isa = PBXSourcesBuildPhase;
			buildActionMask = 2147483647;
			files = (
				F807954E2054543400558BC7 /* ViewController.swift in Sources */,
				F807954C2054543400558BC7 /* AppDelegate.swift in Sources */,
				F80795542054543400558BC7 /* URBN_SECRETS.xcdatamodeld in Sources */,
			);
			runOnlyForDeploymentPostprocessing = 0;
		};
/* End PBXSourcesBuildPhase section */

/* Begin PBXVariantGroup section */
		F807954F2054543400558BC7 /* Main.storyboard */ = {
			isa = PBXVariantGroup;
			children = (
				F80795502054543400558BC7 /* Base */,
			);
			name = Main.storyboard;
			sourceTree = "<group>";
		};
		F80795572054543400558BC7 /* LaunchScreen.storyboard */ = {
			isa = PBXVariantGroup;
			children = (
				F80795582054543400558BC7 /* Base */,
			);
			name = LaunchScreen.storyboard;
			sourceTree = "<group>";
		};
/* End PBXVariantGroup section */

/* Begin XCBuildConfiguration section */
		F807955B2054543400558BC7 /* Debug */ = {
			isa = XCBuildConfiguration;
			buildSettings = {
				ALWAYS_SEARCH_USER_PATHS = NO;
				CLANG_ANALYZER_NONNULL = YES;
				CLANG_ANALYZER_NUMBER_OBJECT_CONVERSION = YES_AGGRESSIVE;
				CLANG_CXX_LANGUAGE_STANDARD = "gnu++14";
				CLANG_CXX_LIBRARY = "libc++";
				CLANG_ENABLE_MODULES = YES;
				CLANG_ENABLE_OBJC_ARC = YES;
				CLANG_WARN_BLOCK_CAPTURE_AUTORELEASING = YES;
				CLANG_WARN_BOOL_CONVERSION = YES;
				CLANG_WARN_COMMA = YES;
				CLANG_WARN_CONSTANT_CONVERSION = YES;
				CLANG_WARN_DIRECT_OBJC_ISA_USAGE = YES_ERROR;
				CLANG_WARN_DOCUMENTATION_COMMENTS = YES;
				CLANG_WARN_EMPTY_BODY = YES;
				CLANG_WARN_ENUM_CONVERSION = YES;
				CLANG_WARN_INFINITE_RECURSION = YES;
				CLANG_WARN_INT_CONVERSION = YES;
				CLANG_WARN_NON_LITERAL_NULL_CONVERSION = YES;
				CLANG_WARN_OBJC_LITERAL_CONVERSION = YES;
				CLANG_WARN_OBJC_ROOT_CLASS = YES_ERROR;
				CLANG_WARN_RANGE_LOOP_ANALYSIS = YES;
				CLANG_WARN_STRICT_PROTOTYPES = YES;
				CLANG_WARN_SUSPICIOUS_MOVE = YES;
				CLANG_WARN_UNGUARDED_AVAILABILITY = YES_AGGRESSIVE;
				CLANG_WARN_UNREACHABLE_CODE = YES;
				CLANG_WARN__DUPLICATE_METHOD_MATCH = YES;
				CODE_SIGN_IDENTITY = "iPhone Developer";
				COPY_PHASE_STRIP = NO;
				DEBUG_INFORMATION_FORMAT = dwarf;
				ENABLE_STRICT_OBJC_MSGSEND = YES;
				ENABLE_TESTABILITY = YES;
				GCC_C_LANGUAGE_STANDARD = gnu11;
				GCC_DYNAMIC_NO_PIC = NO;
				GCC_NO_COMMON_BLOCKS = YES;
				GCC_OPTIMIZATION_LEVEL = 0;
				GCC_PREPROCESSOR_DEFINITIONS = (
					"DEBUG=1",
					"$(inherited)",
				);
				GCC_WARN_64_TO_32_BIT_CONVERSION = YES;
				GCC_WARN_ABOUT_RETURN_TYPE = YES_ERROR;
				GCC_WARN_UNDECLARED_SELECTOR = YES;
				GCC_WARN_UNINITIALIZED_AUTOS = YES_AGGRESSIVE;
				GCC_WARN_UNUSED_FUNCTION = YES;
				GCC_WARN_UNUSED_VARIABLE = YES;
				IPHONEOS_DEPLOYMENT_TARGET = 11.2;
				MTL_ENABLE_DEBUG_INFO = YES;
				ONLY_ACTIVE_ARCH = YES;
				SDKROOT = iphoneos;
				SWIFT_ACTIVE_COMPILATION_CONDITIONS = DEBUG;
				SWIFT_OPTIMIZATION_LEVEL = "-Onone";
			};
			name = Debug;
		};
		F807955C2054543400558BC7 /* Release */ = {
			isa = XCBuildConfiguration;
			buildSettings = {
				ALWAYS_SEARCH_USER_PATHS = NO;
				CLANG_ANALYZER_NONNULL = YES;
				CLANG_ANALYZER_NUMBER_OBJECT_CONVERSION = YES_AGGRESSIVE;
				CLANG_CXX_LANGUAGE_STANDARD = "gnu++14";
				CLANG_CXX_LIBRARY = "libc++";
				CLANG_ENABLE_MODULES = YES;
				CLANG_ENABLE_OBJC_ARC = YES;
				CLANG_WARN_BLOCK_CAPTURE_AUTORELEASING = YES;
				CLANG_WARN_BOOL_CONVERSION = YES;
				CLANG_WARN_COMMA = YES;
				CLANG_WARN_CONSTANT_CONVERSION = YES;
				CLANG_WARN_DIRECT_OBJC_ISA_USAGE = YES_ERROR;
				CLANG_WARN_DOCUMENTATION_COMMENTS = YES;
				CLANG_WARN_EMPTY_BODY = YES;
				CLANG_WARN_ENUM_CONVERSION = YES;
				CLANG_WARN_INFINITE_RECURSION = YES;
				CLANG_WARN_INT_CONVERSION = YES;
				CLANG_WARN_NON_LITERAL_NULL_CONVERSION = YES;
				CLANG_WARN_OBJC_LITERAL_CONVERSION = YES;
				CLANG_WARN_OBJC_ROOT_CLASS = YES_ERROR;
				CLANG_WARN_RANGE_LOOP_ANALYSIS = YES;
				CLANG_WARN_STRICT_PROTOTYPES = YES;
				CLANG_WARN_SUSPICIOUS_MOVE = YES;
				CLANG_WARN_UNGUARDED_AVAILABILITY = YES_AGGRESSIVE;
				CLANG_WARN_UNREACHABLE_CODE = YES;
				CLANG_WARN__DUPLICATE_METHOD_MATCH = YES;
				CODE_SIGN_IDENTITY = "iPhone Developer";
				COPY_PHASE_STRIP = NO;
				DEBUG_INFORMATION_FORMAT = "dwarf-with-dsym";
				ENABLE_NS_ASSERTIONS = NO;
				ENABLE_STRICT_OBJC_MSGSEND = YES;
				GCC_C_LANGUAGE_STANDARD = gnu11;
				GCC_NO_COMMON_BLOCKS = YES;
				GCC_WARN_64_TO_32_BIT_CONVERSION = YES;
				GCC_WARN_ABOUT_RETURN_TYPE = YES_ERROR;
				GCC_WARN_UNDECLARED_SELECTOR = YES;
				GCC_WARN_UNINITIALIZED_AUTOS = YES_AGGRESSIVE;
				GCC_WARN_UNUSED_FUNCTION = YES;
				GCC_WARN_UNUSED_VARIABLE = YES;
				IPHONEOS_DEPLOYMENT_TARGET = 11.2;
				MTL_ENABLE_DEBUG_INFO = NO;
				SDKROOT = iphoneos;
				SWIFT_OPTIMIZATION_LEVEL = "-Owholemodule";
				VALIDATE_PRODUCT = YES;
			};
			name = Release;
		};
		F807955E2054543400558BC7 /* Debug */ = {
			isa = XCBuildConfiguration;
			buildSettings = {
				ASSETCATALOG_COMPILER_APPICON_NAME = AppIcon;
				CODE_SIGN_STYLE = Automatic;
				DEVELOPMENT_TEAM = 5F52T85UMC;
				INFOPLIST_FILE = "URBN SECRETS/Info.plist";
				LD_RUNPATH_SEARCH_PATHS = "$(inherited) @executable_path/Frameworks";
				PRODUCT_BUNDLE_IDENTIFIER = "com.byerinmichelle.URBN-SECRETS";
				PRODUCT_NAME = "$(TARGET_NAME)";
				SWIFT_VERSION = 4.0;
				TARGETED_DEVICE_FAMILY = "1,2";
			};
			name = Debug;
		};
		F807955F2054543400558BC7 /* Release */ = {
			isa = XCBuildConfiguration;
			buildSettings = {
				ASSETCATALOG_COMPILER_APPICON_NAME = AppIcon;
				CODE_SIGN_STYLE = Automatic;
				DEVELOPMENT_TEAM = 5F52T85UMC;
				INFOPLIST_FILE = "URBN SECRETS/Info.plist";
				LD_RUNPATH_SEARCH_PATHS = "$(inherited) @executable_path/Frameworks";
				PRODUCT_BUNDLE_IDENTIFIER = "com.byerinmichelle.URBN-SECRETS";
				PRODUCT_NAME = "$(TARGET_NAME)";
				SWIFT_VERSION = 4.0;
				TARGETED_DEVICE_FAMILY = "1,2";
			};
			name = Release;
		};
/* End XCBuildConfiguration section */

/* Begin XCConfigurationList section */
		F80795432054543400558BC7 /* Build configuration list for PBXProject "URBN SECRETS" */ = {
			isa = XCConfigurationList;
			buildConfigurations = (
				F807955B2054543400558BC7 /* Debug */,
				F807955C2054543400558BC7 /* Release */,
			);
			defaultConfigurationIsVisible = 0;
			defaultConfigurationName = Release;
		};
		F807955D2054543400558BC7 /* Build configuration list for PBXNativeTarget "URBN SECRETS" */ = {
			isa = XCConfigurationList;
			buildConfigurations = (
				F807955E2054543400558BC7 /* Debug */,
				F807955F2054543400558BC7 /* Release */,
			);
			defaultConfigurationIsVisible = 0;
			defaultConfigurationName = Release;
		};
/* End XCConfigurationList section */

/* Begin XCVersionGroup section */
		F80795522054543400558BC7 /* URBN_SECRETS.xcdatamodeld */ = {
			isa = XCVersionGroup;
			children = (
				F80795532054543400558BC7 /* URBN_SECRETS.xcdatamodel */,
			);
			currentVersion = F80795532054543400558BC7 /* URBN_SECRETS.xcdatamodel */;
			path = URBN_SECRETS.xcdatamodeld;
			sourceTree = "<group>";
			versionGroupType = wrapper.xcdatamodel;
		};
/* End XCVersionGroup section */
	};
	rootObject = F80795402054543400558BC7 /* Project object */;
}
